
Microsoft Visual Studio Solution File, Format Version 11.00
# Visual Studio 2010
Project("{FAE04EC0-301F-11D3-BF4B-00C04F79EFBC}") = "Assembly-CSharp", "Assembly-CSharp.csproj", "{1AB87CDA-C381-7D59-79F5-7A97E22BFC19}"
EndProject
Project("{FAE04EC0-301F-11D3-BF4B-00C04F79EFBC}") = "Assembly-CSharp-firstpass", "Assembly-CSharp-firstpass.csproj", "{6475D441-8943-804B-2913-3013A93FAEDA}"
EndProject
Global
	GlobalSection(SolutionConfigurationPlatforms) = preSolution
		Debug|Any CPU = Debug|Any CPU
		Release|Any CPU = Release|Any CPU
	EndGlobalSection
	GlobalSection(ProjectConfigurationPlatforms) = postSolution
		{1AB87CDA-C381-7D59-79F5-7A97E22BFC19}.Debug|Any CPU.ActiveCfg = Debug|Any CPU
		{1AB87CDA-C381-7D59-79F5-7A97E22BFC19}.Debug|Any CPU.Build.0 = Debug|Any CPU
		{1AB87CDA-C381-7D59-79F5-7A97E22BFC19}.Release|Any CPU.ActiveCfg = Release|Any CPU
		{1AB87CDA-C381-7D59-79F5-7A97E22BFC19}.Release|Any CPU.Build.0 = Release|Any CPU
		{6475D441-8943-804B-2913-3013A93FAEDA}.Debug|Any CPU.ActiveCfg = Debug|Any CPU
		{6475D441-8943-804B-2913-3013A93FAEDA}.Debug|Any CPU.Build.0 = Debug|Any CPU
		{6475D441-8943-804B-2913-3013A93FAEDA}.Release|Any CPU.ActiveCfg = Release|Any CPU
		{6475D441-8943-804B-2913-3013A93FAEDA}.Release|Any CPU.Build.0 = Release|Any CPU
	EndGlobalSection
	GlobalSection(SolutionProperties) = preSolution
		HideSolutionNode = FALSE
	EndGlobalSection
EndGlobal
